
Microsoft Visual Studio Solution File, Format Version 12.00
# Visual Studio 15
VisualStudioVersion = 15.0.27703.2047
MinimumVisualStudioVersion = 10.0.40219.1
Project("{2150E333-8FDC-42A3-9474-1A3956D46DE8}") = "Tests", "Tests", "{FF716304-4654-4B42-AB0B-EDF772CF0364}"
EndProject
Project("{2150E333-8FDC-42A3-9474-1A3956D46DE8}") = "pipeline", "pipeline", "{8AB9FD5C-7585-4FB7-8123-0C63A4B1311E}"
	ProjectSection(SolutionItems) = preProject
		..\pipeline\context.yaml = ..\pipeline\context.yaml
	EndProjectSection
EndProject
Project("{2150E333-8FDC-42A3-9474-1A3956D46DE8}") = "components", "components", "{D9898B3F-F85F-40C0-B330-7F3AB253A510}"
	ProjectSection(SolutionItems) = preProject
		..\pipeline\components\raas-manager.json.mustache = ..\pipeline\components\raas-manager.json.mustache
	EndProjectSection
EndProject
Project("{9A19103F-16F7-4668-BE54-9A1E7A4F7556}") = "OFX.RAASManager", "OFX.RAASManager\OFX.RAASManager.csproj", "{6432C386-04FF-47FC-9215-11AD85864B36}"
EndProject
Project("{9A19103F-16F7-4668-BE54-9A1E7A4F7556}") = "OFX.RAASManager.Application", "OFX.RAASManager.Application\OFX.RAASManager.Application.csproj", "{D9D5D435-6382-4B93-8F24-0427F32CDBD8}"
EndProject
Project("{9A19103F-16F7-4668-BE54-9A1E7A4F7556}") = "OFX.RAASManager.Core", "OFX.RAASManager.Core\OFX.RAASManager.Core.csproj", "{9F35DE98-87A0-4B71-9BD1-F30527A18EA1}"
EndProject
Project("{9A19103F-16F7-4668-BE54-9A1E7A4F7556}") = "OFX.RAASManager.Entities", "OFX.RAASManager.Entities\OFX.RAASManager.Entities.csproj", "{DCAC38A2-BB0E-4E2C-957D-5E21A6AB4324}"
EndProject
Project("{9A19103F-16F7-4668-BE54-9A1E7A4F7556}") = "OFX.RAASManager.IntegrationTests", "OFX.RAASManager.IntegrationTests\OFX.RAASManager.IntegrationTests.csproj", "{F2DAD025-8883-47B6-A7EE-208127A81C5F}"
EndProject
Project("{9A19103F-16F7-4668-BE54-9A1E7A4F7556}") = "OFX.RAASManager.UnitTests", "OFX.RAASManager.UnitTests\OFX.RAASManager.UnitTests.csproj", "{EA555BE5-6CBD-44D3-AA27-54E8C17E2C66}"
EndProject
Project("{E53339B2-1760-4266-BCC7-CA923CBCF16C}") = "docker-compose", "docker-compose.dcproj", "{ACB532F8-0B43-433D-9C2E-D3FD46B4C105}"
EndProject
Project("{FAE04EC0-301F-11D3-BF4B-00C04F79EFBC}") = "OFX.RAASManager.API.IntegrationTests", "OFX.RAASManager.API.IntegrationTests\OFX.RAASManager.API.IntegrationTests.csproj", "{B1D9714B-0B82-42C6-9CBA-63C0D1B199D4}"
EndProject
Global
	GlobalSection(SolutionConfigurationPlatforms) = preSolution
		Debug|Any CPU = Debug|Any CPU
		Release|Any CPU = Release|Any CPU
	EndGlobalSection
	GlobalSection(ProjectConfigurationPlatforms) = postSolution
		{6432C386-04FF-47FC-9215-11AD85864B36}.Debug|Any CPU.ActiveCfg = Debug|Any CPU
		{6432C386-04FF-47FC-9215-11AD85864B36}.Debug|Any CPU.Build.0 = Debug|Any CPU
		{6432C386-04FF-47FC-9215-11AD85864B36}.Release|Any CPU.ActiveCfg = Release|Any CPU
		{6432C386-04FF-47FC-9215-11AD85864B36}.Release|Any CPU.Build.0 = Release|Any CPU
		{D9D5D435-6382-4B93-8F24-0427F32CDBD8}.Debug|Any CPU.ActiveCfg = Debug|Any CPU
		{D9D5D435-6382-4B93-8F24-0427F32CDBD8}.Debug|Any CPU.Build.0 = Debug|Any CPU
		{D9D5D435-6382-4B93-8F24-0427F32CDBD8}.Release|Any CPU.ActiveCfg = Release|Any CPU
		{D9D5D435-6382-4B93-8F24-0427F32CDBD8}.Release|Any CPU.Build.0 = Release|Any CPU
		{9F35DE98-87A0-4B71-9BD1-F30527A18EA1}.Debug|Any CPU.ActiveCfg = Debug|Any CPU
		{9F35DE98-87A0-4B71-9BD1-F30527A18EA1}.Debug|Any CPU.Build.0 = Debug|Any CPU
		{9F35DE98-87A0-4B71-9BD1-F30527A18EA1}.Release|Any CPU.ActiveCfg = Release|Any CPU
		{9F35DE98-87A0-4B71-9BD1-F30527A18EA1}.Release|Any CPU.Build.0 = Release|Any CPU
		{DCAC38A2-BB0E-4E2C-957D-5E21A6AB4324}.Debug|Any CPU.ActiveCfg = Debug|Any CPU
		{DCAC38A2-BB0E-4E2C-957D-5E21A6AB4324}.Debug|Any CPU.Build.0 = Debug|Any CPU
		{DCAC38A2-BB0E-4E2C-957D-5E21A6AB4324}.Release|Any CPU.ActiveCfg = Release|Any CPU
		{DCAC38A2-BB0E-4E2C-957D-5E21A6AB4324}.Release|Any CPU.Build.0 = Release|Any CPU
		{F2DAD025-8883-47B6-A7EE-208127A81C5F}.Debug|Any CPU.ActiveCfg = Debug|Any CPU
		{F2DAD025-8883-47B6-A7EE-208127A81C5F}.Debug|Any CPU.Build.0 = Debug|Any CPU
		{F2DAD025-8883-47B6-A7EE-208127A81C5F}.Release|Any CPU.ActiveCfg = Release|Any CPU
		{F2DAD025-8883-47B6-A7EE-208127A81C5F}.Release|Any CPU.Build.0 = Release|Any CPU
		{EA555BE5-6CBD-44D3-AA27-54E8C17E2C66}.Debug|Any CPU.ActiveCfg = Debug|Any CPU
		{EA555BE5-6CBD-44D3-AA27-54E8C17E2C66}.Debug|Any CPU.Build.0 = Debug|Any CPU
		{EA555BE5-6CBD-44D3-AA27-54E8C17E2C66}.Release|Any CPU.ActiveCfg = Release|Any CPU
		{EA555BE5-6CBD-44D3-AA27-54E8C17E2C66}.Release|Any CPU.Build.0 = Release|Any CPU
		{ACB532F8-0B43-433D-9C2E-D3FD46B4C105}.Debug|Any CPU.ActiveCfg = Debug|Any CPU
		{ACB532F8-0B43-433D-9C2E-D3FD46B4C105}.Debug|Any CPU.Build.0 = Debug|Any CPU
		{ACB532F8-0B43-433D-9C2E-D3FD46B4C105}.Release|Any CPU.ActiveCfg = Release|Any CPU
		{ACB532F8-0B43-433D-9C2E-D3FD46B4C105}.Release|Any CPU.Build.0 = Release|Any CPU
		{B1D9714B-0B82-42C6-9CBA-63C0D1B199D4}.Debug|Any CPU.ActiveCfg = Debug|Any CPU
		{B1D9714B-0B82-42C6-9CBA-63C0D1B199D4}.Debug|Any CPU.Build.0 = Debug|Any CPU
		{B1D9714B-0B82-42C6-9CBA-63C0D1B199D4}.Release|Any CPU.ActiveCfg = Release|Any CPU
		{B1D9714B-0B82-42C6-9CBA-63C0D1B199D4}.Release|Any CPU.Build.0 = Release|Any CPU
	EndGlobalSection
	GlobalSection(SolutionProperties) = preSolution
		HideSolutionNode = FALSE
	EndGlobalSection
	GlobalSection(NestedProjects) = preSolution
		{D9898B3F-F85F-40C0-B330-7F3AB253A510} = {8AB9FD5C-7585-4FB7-8123-0C63A4B1311E}
		{F2DAD025-8883-47B6-A7EE-208127A81C5F} = {FF716304-4654-4B42-AB0B-EDF772CF0364}
		{EA555BE5-6CBD-44D3-AA27-54E8C17E2C66} = {FF716304-4654-4B42-AB0B-EDF772CF0364}
		{B1D9714B-0B82-42C6-9CBA-63C0D1B199D4} = {FF716304-4654-4B42-AB0B-EDF772CF0364}
	EndGlobalSection
	GlobalSection(ExtensibilityGlobals) = postSolution
		SolutionGuid = {AAE7576A-4278-495F-9D7E-C51B512E7444}
	EndGlobalSection
EndGlobal
